// !$*UTF8*$!
{
	archiveVersion = 1;
	classes = {
	};
	objectVersion = 50;
	objects = {

/* Begin PBXBuildFile section */
		66BB2EBE229A44D800ACD9BB /* NEConfig.swift in Sources */ = {isa = PBXBuildFile; fileRef = 66BB2EBD229A44D800ACD9BB /* NEConfig.swift */; };
		66BB2EC0229A4B2800ACD9BB /* NextViewController.swift in Sources */ = {isa = PBXBuildFile; fileRef = 66BB2EBF229A4B2800ACD9BB /* NextViewController.swift */; };
		9F1B384822B0AFE40085E735 /* UEFAChampionsLeagueView.swift in Sources */ = {isa = PBXBuildFile; fileRef = 9F1B384722B0AFE40085E735 /* UEFAChampionsLeagueView.swift */; };
		9F2B2BD922943443004E9A00 /* NEProtocol.swift in Sources */ = {isa = PBXBuildFile; fileRef = 9F2B2BD822943443004E9A00 /* NEProtocol.swift */; };
		9F2B2BDE22945053004E9A00 /* NECommon.swift in Sources */ = {isa = PBXBuildFile; fileRef = 9F2B2BDD22945053004E9A00 /* NECommon.swift */; };
		9F63C86E22AF89A3003C37EE /* PremierLeagueViewController.swift in Sources */ = {isa = PBXBuildFile; fileRef = 9F63C86D22AF89A3003C37EE /* PremierLeagueViewController.swift */; };
		9F63C87022AF89EA003C37EE /* LaLigaViewController.swift in Sources */ = {isa = PBXBuildFile; fileRef = 9F63C86F22AF89EA003C37EE /* LaLigaViewController.swift */; };
		9F63C87222AF8A10003C37EE /* LegaSerieAViewController.swift in Sources */ = {isa = PBXBuildFile; fileRef = 9F63C87122AF8A10003C37EE /* LegaSerieAViewController.swift */; };
		9F63C87422AF8A53003C37EE /* BundesLigaViewController.swift in Sources */ = {isa = PBXBuildFile; fileRef = 9F63C87322AF8A53003C37EE /* BundesLigaViewController.swift */; };
		9F63C87622AF8A86003C37EE /* Ligue1ViewController.swift in Sources */ = {isa = PBXBuildFile; fileRef = 9F63C87522AF8A86003C37EE /* Ligue1ViewController.swift */; };
		9F63C87922AF8AFD003C37EE /* LeagueViewController.swift in Sources */ = {isa = PBXBuildFile; fileRef = 9F63C87822AF8AFD003C37EE /* LeagueViewController.swift */; };
		9F897D6C22B263E0003A8023 /* UIView+NEProperty.swift in Sources */ = {isa = PBXBuildFile; fileRef = 9F897D6B22B263E0003A8023 /* UIView+NEProperty.swift */; };
		9F897D6E22B3E8D8003A8023 /* UEFALeagueCategoryView.swift in Sources */ = {isa = PBXBuildFile; fileRef = 9F897D6D22B3E8D8003A8023 /* UEFALeagueCategoryView.swift */; };
		9F9954192292F10600DE538F /* AppDelegate.swift in Sources */ = {isa = PBXBuildFile; fileRef = 9F9954182292F10600DE538F /* AppDelegate.swift */; };
		9F99541B2292F10600DE538F /* ViewController.swift in Sources */ = {isa = PBXBuildFile; fileRef = 9F99541A2292F10600DE538F /* ViewController.swift */; };
		9F99541E2292F10600DE538F /* Main.storyboard in Resources */ = {isa = PBXBuildFile; fileRef = 9F99541C2292F10600DE538F /* Main.storyboard */; };
		9F9954202292F10900DE538F /* Assets.xcassets in Resources */ = {isa = PBXBuildFile; fileRef = 9F99541F2292F10900DE538F /* Assets.xcassets */; };
		9F9954232292F10900DE538F /* LaunchScreen.storyboard in Resources */ = {isa = PBXBuildFile; fileRef = 9F9954212292F10900DE538F /* LaunchScreen.storyboard */; };
		9F99542E2292F10900DE538F /* ExampleTests.swift in Sources */ = {isa = PBXBuildFile; fileRef = 9F99542D2292F10900DE538F /* ExampleTests.swift */; };
		9F9954392292F10900DE538F /* ExampleUITests.swift in Sources */ = {isa = PBXBuildFile; fileRef = 9F9954382292F10900DE538F /* ExampleUITests.swift */; };
		9FAD444422B0FE71001F1CEB /* NEMonitor.swift in Sources */ = {isa = PBXBuildFile; fileRef = 9FAD444322B0FE71001F1CEB /* NEMonitor.swift */; };
		9FCB3A4B22B21DCF003439ED /* UITableView+NEContent.swift in Sources */ = {isa = PBXBuildFile; fileRef = 9FCB3A4A22B21DCF003439ED /* UITableView+NEContent.swift */; };
		9FF4724722AFC151005B171E /* UIViewController+NECreat.swift in Sources */ = {isa = PBXBuildFile; fileRef = 9FF4724622AFC151005B171E /* UIViewController+NECreat.swift */; };
		9FF4724922AFC1B7005B171E /* UIViewController+NEProperty.swift in Sources */ = {isa = PBXBuildFile; fileRef = 9FF4724822AFC1B7005B171E /* UIViewController+NEProperty.swift */; };
/* End PBXBuildFile section */

/* Begin PBXContainerItemProxy section */
		9F99542A2292F10900DE538F /* PBXContainerItemProxy */ = {
			isa = PBXContainerItemProxy;
			containerPortal = 9F99540D2292F10600DE538F /* Project object */;
			proxyType = 1;
			remoteGlobalIDString = 9F9954142292F10600DE538F;
			remoteInfo = Example;
		};
		9F9954352292F10900DE538F /* PBXContainerItemProxy */ = {
			isa = PBXContainerItemProxy;
			containerPortal = 9F99540D2292F10600DE538F /* Project object */;
			proxyType = 1;
			remoteGlobalIDString = 9F9954142292F10600DE538F;
			remoteInfo = Example;
		};
/* End PBXContainerItemProxy section */

/* Begin PBXFileReference section */
		66BB2EBD229A44D800ACD9BB /* NEConfig.swift */ = {isa = PBXFileReference; lastKnownFileType = sourcecode.swift; path = NEConfig.swift; sourceTree = "<group>"; };
		66BB2EBF229A4B2800ACD9BB /* NextViewController.swift */ = {isa = PBXFileReference; lastKnownFileType = sourcecode.swift; path = NextViewController.swift; sourceTree = "<group>"; };
		9F1B384722B0AFE40085E735 /* UEFAChampionsLeagueView.swift */ = {isa = PBXFileReference; lastKnownFileType = sourcecode.swift; path = UEFAChampionsLeagueView.swift; sourceTree = "<group>"; };
		9F2B2BD822943443004E9A00 /* NEProtocol.swift */ = {isa = PBXFileReference; lastKnownFileType = sourcecode.swift; path = NEProtocol.swift; sourceTree = "<group>"; };
		9F2B2BDD22945053004E9A00 /* NECommon.swift */ = {isa = PBXFileReference; lastKnownFileType = sourcecode.swift; path = NECommon.swift; sourceTree = "<group>"; };
		9F63C86D22AF89A3003C37EE /* PremierLeagueViewController.swift */ = {isa = PBXFileReference; lastKnownFileType = sourcecode.swift; path = PremierLeagueViewController.swift; sourceTree = "<group>"; };
		9F63C86F22AF89EA003C37EE /* LaLigaViewController.swift */ = {isa = PBXFileReference; lastKnownFileType = sourcecode.swift; path = LaLigaViewController.swift; sourceTree = "<group>"; };
		9F63C87122AF8A10003C37EE /* LegaSerieAViewController.swift */ = {isa = PBXFileReference; lastKnownFileType = sourcecode.swift; path = LegaSerieAViewController.swift; sourceTree = "<group>"; };
		9F63C87322AF8A53003C37EE /* BundesLigaViewController.swift */ = {isa = PBXFileReference; lastKnownFileType = sourcecode.swift; path = BundesLigaViewController.swift; sourceTree = "<group>"; };
		9F63C87522AF8A86003C37EE /* Ligue1ViewController.swift */ = {isa = PBXFileReference; lastKnownFileType = sourcecode.swift; path = Ligue1ViewController.swift; sourceTree = "<group>"; };
		9F63C87822AF8AFD003C37EE /* LeagueViewController.swift */ = {isa = PBXFileReference; lastKnownFileType = sourcecode.swift; path = LeagueViewController.swift; sourceTree = "<group>"; };
		9F897D6B22B263E0003A8023 /* UIView+NEProperty.swift */ = {isa = PBXFileReference; lastKnownFileType = sourcecode.swift; path = "UIView+NEProperty.swift"; sourceTree = "<group>"; };
		9F897D6D22B3E8D8003A8023 /* UEFALeagueCategoryView.swift */ = {isa = PBXFileReference; lastKnownFileType = sourcecode.swift; path = UEFALeagueCategoryView.swift; sourceTree = "<group>"; };
		9F9954152292F10600DE538F /* Example.app */ = {isa = PBXFileReference; explicitFileType = wrapper.application; includeInIndex = 0; path = Example.app; sourceTree = BUILT_PRODUCTS_DIR; };
		9F9954182292F10600DE538F /* AppDelegate.swift */ = {isa = PBXFileReference; lastKnownFileType = sourcecode.swift; path = AppDelegate.swift; sourceTree = "<group>"; };
		9F99541A2292F10600DE538F /* ViewController.swift */ = {isa = PBXFileReference; lastKnownFileType = sourcecode.swift; path = ViewController.swift; sourceTree = "<group>"; };
		9F99541D2292F10600DE538F /* Base */ = {isa = PBXFileReference; lastKnownFileType = file.storyboard; name = Base; path = Base.lproj/Main.storyboard; sourceTree = "<group>"; };
		9F99541F2292F10900DE538F /* Assets.xcassets */ = {isa = PBXFileReference; lastKnownFileType = folder.assetcatalog; path = Assets.xcassets; sourceTree = "<group>"; };
		9F9954222292F10900DE538F /* Base */ = {isa = PBXFileReference; lastKnownFileType = file.storyboard; name = Base; path = Base.lproj/LaunchScreen.storyboard; sourceTree = "<group>"; };
		9F9954242292F10900DE538F /* Info.plist */ = {isa = PBXFileReference; lastKnownFileType = text.plist.xml; path = Info.plist; sourceTree = "<group>"; };
		9F9954292292F10900DE538F /* ExampleTests.xctest */ = {isa = PBXFileReference; explicitFileType = wrapper.cfbundle; includeInIndex = 0; path = ExampleTests.xctest; sourceTree = BUILT_PRODUCTS_DIR; };
		9F99542D2292F10900DE538F /* ExampleTests.swift */ = {isa = PBXFileReference; lastKnownFileType = sourcecode.swift; path = ExampleTests.swift; sourceTree = "<group>"; };
		9F99542F2292F10900DE538F /* Info.plist */ = {isa = PBXFileReference; lastKnownFileType = text.plist.xml; path = Info.plist; sourceTree = "<group>"; };
		9F9954342292F10900DE538F /* ExampleUITests.xctest */ = {isa = PBXFileReference; explicitFileType = wrapper.cfbundle; includeInIndex = 0; path = ExampleUITests.xctest; sourceTree = BUILT_PRODUCTS_DIR; };
		9F9954382292F10900DE538F /* ExampleUITests.swift */ = {isa = PBXFileReference; lastKnownFileType = sourcecode.swift; path = ExampleUITests.swift; sourceTree = "<group>"; };
		9F99543A2292F10900DE538F /* Info.plist */ = {isa = PBXFileReference; lastKnownFileType = text.plist.xml; path = Info.plist; sourceTree = "<group>"; };
		9FAD444322B0FE71001F1CEB /* NEMonitor.swift */ = {isa = PBXFileReference; lastKnownFileType = sourcecode.swift; path = NEMonitor.swift; sourceTree = "<group>"; };
		9FCB3A4A22B21DCF003439ED /* UITableView+NEContent.swift */ = {isa = PBXFileReference; fileEncoding = 4; lastKnownFileType = sourcecode.swift; path = "UITableView+NEContent.swift"; sourceTree = "<group>"; };
		9FF4724622AFC151005B171E /* UIViewController+NECreat.swift */ = {isa = PBXFileReference; lastKnownFileType = sourcecode.swift; path = "UIViewController+NECreat.swift"; sourceTree = "<group>"; };
		9FF4724822AFC1B7005B171E /* UIViewController+NEProperty.swift */ = {isa = PBXFileReference; lastKnownFileType = sourcecode.swift; path = "UIViewController+NEProperty.swift"; sourceTree = "<group>"; };
/* End PBXFileReference section */

/* Begin PBXFrameworksBuildPhase section */
		9F9954122292F10600DE538F /* Frameworks */ = {
			isa = PBXFrameworksBuildPhase;
			buildActionMask = 2147483647;
			files = (
			);
			runOnlyForDeploymentPostprocessing = 0;
		};
		9F9954262292F10900DE538F /* Frameworks */ = {
			isa = PBXFrameworksBuildPhase;
			buildActionMask = 2147483647;
			files = (
			);
			runOnlyForDeploymentPostprocessing = 0;
		};
		9F9954312292F10900DE538F /* Frameworks */ = {
			isa = PBXFrameworksBuildPhase;
			buildActionMask = 2147483647;
			files = (
			);
			runOnlyForDeploymentPostprocessing = 0;
		};
/* End PBXFrameworksBuildPhase section */

/* Begin PBXGroup section */
		9F2B2BDC2294503F004E9A00 /* Common */ = {
			isa = PBXGroup;
			children = (
				9F2B2BDD22945053004E9A00 /* NECommon.swift */,
				66BB2EBD229A44D800ACD9BB /* NEConfig.swift */,
				9FAD444322B0FE71001F1CEB /* NEMonitor.swift */,
			);
			path = Common;
			sourceTree = "<group>";
		};
		9F63C86B22AF8789003C37EE /* ChildViewController */ = {
			isa = PBXGroup;
			children = (
				9F63C87722AF8AE3003C37EE /* Base */,
				9F63C87A22AF8B3A003C37EE /* Sub */,
			);
			path = ChildViewController;
			sourceTree = "<group>";
		};
		9F63C86C22AF879F003C37EE /* HeaderView */ = {
			isa = PBXGroup;
			children = (
				9F1B384722B0AFE40085E735 /* UEFAChampionsLeagueView.swift */,
				9F897D6D22B3E8D8003A8023 /* UEFALeagueCategoryView.swift */,
			);
			path = HeaderView;
			sourceTree = "<group>";
		};
		9F63C87722AF8AE3003C37EE /* Base */ = {
			isa = PBXGroup;
			children = (
				9F63C87822AF8AFD003C37EE /* LeagueViewController.swift */,
			);
			path = Base;
			sourceTree = "<group>";
		};
		9F63C87A22AF8B3A003C37EE /* Sub */ = {
			isa = PBXGroup;
			children = (
				9F63C86D22AF89A3003C37EE /* PremierLeagueViewController.swift */,
				9F63C86F22AF89EA003C37EE /* LaLigaViewController.swift */,
				9F63C87122AF8A10003C37EE /* LegaSerieAViewController.swift */,
				9F63C87322AF8A53003C37EE /* BundesLigaViewController.swift */,
				9F63C87522AF8A86003C37EE /* Ligue1ViewController.swift */,
			);
			path = Sub;
			sourceTree = "<group>";
		};
		9F99540C2292F10600DE538F = {
			isa = PBXGroup;
			children = (
				9F9954462292F14B00DE538F /* Source */,
				9F9954172292F10600DE538F /* Example */,
				9F99542C2292F10900DE538F /* ExampleTests */,
				9F9954372292F10900DE538F /* ExampleUITests */,
				9F9954162292F10600DE538F /* Products */,
			);
			sourceTree = "<group>";
		};
		9F9954162292F10600DE538F /* Products */ = {
			isa = PBXGroup;
			children = (
				9F9954152292F10600DE538F /* Example.app */,
				9F9954292292F10900DE538F /* ExampleTests.xctest */,
				9F9954342292F10900DE538F /* ExampleUITests.xctest */,
			);
			name = Products;
			sourceTree = "<group>";
		};
		9F9954172292F10600DE538F /* Example */ = {
			isa = PBXGroup;
			children = (
				9F63C86B22AF8789003C37EE /* ChildViewController */,
				9F63C86C22AF879F003C37EE /* HeaderView */,
				9F9954182292F10600DE538F /* AppDelegate.swift */,
				9F99541A2292F10600DE538F /* ViewController.swift */,
				66BB2EBF229A4B2800ACD9BB /* NextViewController.swift */,
				9F99541C2292F10600DE538F /* Main.storyboard */,
				9F99541F2292F10900DE538F /* Assets.xcassets */,
				9F9954212292F10900DE538F /* LaunchScreen.storyboard */,
				9F9954242292F10900DE538F /* Info.plist */,
			);
			path = Example;
			sourceTree = "<group>";
		};
		9F99542C2292F10900DE538F /* ExampleTests */ = {
			isa = PBXGroup;
			children = (
				9F99542D2292F10900DE538F /* ExampleTests.swift */,
				9F99542F2292F10900DE538F /* Info.plist */,
			);
			path = ExampleTests;
			sourceTree = "<group>";
		};
		9F9954372292F10900DE538F /* ExampleUITests */ = {
			isa = PBXGroup;
			children = (
				9F9954382292F10900DE538F /* ExampleUITests.swift */,
				9F99543A2292F10900DE538F /* Info.plist */,
			);
			path = ExampleUITests;
			sourceTree = "<group>";
		};
		9F9954462292F14B00DE538F /* Source */ = {
			isa = PBXGroup;
			children = (
				9F2B2BDC2294503F004E9A00 /* Common */,
				9F99544A2292F45700DE538F /* Protocol */,
				9F9954472292F22100DE538F /* Extension */,
			);
			name = Source;
			path = ../Source;
			sourceTree = "<group>";
		};
		9F9954472292F22100DE538F /* Extension */ = {
			isa = PBXGroup;
			children = (
				9FCB3A4A22B21DCF003439ED /* UITableView+NEContent.swift */,
				9FF4724622AFC151005B171E /* UIViewController+NECreat.swift */,
				9FF4724822AFC1B7005B171E /* UIViewController+NEProperty.swift */,
				9F897D6B22B263E0003A8023 /* UIView+NEProperty.swift */,
			);
			path = Extension;
			sourceTree = "<group>";
		};
		9F99544A2292F45700DE538F /* Protocol */ = {
			isa = PBXGroup;
			children = (
				9F2B2BD822943443004E9A00 /* NEProtocol.swift */,
			);
			path = Protocol;
			sourceTree = "<group>";
		};
/* End PBXGroup section */

/* Begin PBXNativeTarget section */
		9F9954142292F10600DE538F /* Example */ = {
			isa = PBXNativeTarget;
			buildConfigurationList = 9F99543D2292F10900DE538F /* Build configuration list for PBXNativeTarget "Example" */;
			buildPhases = (
				9F9954112292F10600DE538F /* Sources */,
				9F9954122292F10600DE538F /* Frameworks */,
				9F9954132292F10600DE538F /* Resources */,
			);
			buildRules = (
			);
			dependencies = (
			);
			name = Example;
			productName = Example;
			productReference = 9F9954152292F10600DE538F /* Example.app */;
			productType = "com.apple.product-type.application";
		};
		9F9954282292F10900DE538F /* ExampleTests */ = {
			isa = PBXNativeTarget;
			buildConfigurationList = 9F9954402292F10900DE538F /* Build configuration list for PBXNativeTarget "ExampleTests" */;
			buildPhases = (
				9F9954252292F10900DE538F /* Sources */,
				9F9954262292F10900DE538F /* Frameworks */,
				9F9954272292F10900DE538F /* Resources */,
			);
			buildRules = (
			);
			dependencies = (
				9F99542B2292F10900DE538F /* PBXTargetDependency */,
			);
			name = ExampleTests;
			productName = ExampleTests;
			productReference = 9F9954292292F10900DE538F /* ExampleTests.xctest */;
			productType = "com.apple.product-type.bundle.unit-test";
		};
		9F9954332292F10900DE538F /* ExampleUITests */ = {
			isa = PBXNativeTarget;
			buildConfigurationList = 9F9954432292F10900DE538F /* Build configuration list for PBXNativeTarget "ExampleUITests" */;
			buildPhases = (
				9F9954302292F10900DE538F /* Sources */,
				9F9954312292F10900DE538F /* Frameworks */,
				9F9954322292F10900DE538F /* Resources */,
			);
			buildRules = (
			);
			dependencies = (
				9F9954362292F10900DE538F /* PBXTargetDependency */,
			);
			name = ExampleUITests;
			productName = ExampleUITests;
			productReference = 9F9954342292F10900DE538F /* ExampleUITests.xctest */;
			productType = "com.apple.product-type.bundle.ui-testing";
		};
/* End PBXNativeTarget section */

/* Begin PBXProject section */
		9F99540D2292F10600DE538F /* Project object */ = {
			isa = PBXProject;
			attributes = {
				LastSwiftUpdateCheck = 1020;
				LastUpgradeCheck = 1020;
				ORGANIZATIONNAME = "Warpdrives Team";
				TargetAttributes = {
					9F9954142292F10600DE538F = {
						CreatedOnToolsVersion = 10.2.1;
					};
					9F9954282292F10900DE538F = {
						CreatedOnToolsVersion = 10.2.1;
						LastSwiftMigration = 1020;
						TestTargetID = 9F9954142292F10600DE538F;
					};
					9F9954332292F10900DE538F = {
						CreatedOnToolsVersion = 10.2.1;
						LastSwiftMigration = 1020;
						TestTargetID = 9F9954142292F10600DE538F;
					};
				};
			};
			buildConfigurationList = 9F9954102292F10600DE538F /* Build configuration list for PBXProject "Example" */;
			compatibilityVersion = "Xcode 9.3";
			developmentRegion = en;
			hasScannedForEncodings = 0;
			knownRegions = (
				en,
				Base,
			);
			mainGroup = 9F99540C2292F10600DE538F;
			productRefGroup = 9F9954162292F10600DE538F /* Products */;
			projectDirPath = "";
			projectRoot = "";
			targets = (
				9F9954142292F10600DE538F /* Example */,
				9F9954282292F10900DE538F /* ExampleTests */,
				9F9954332292F10900DE538F /* ExampleUITests */,
			);
		};
/* End PBXProject section */

/* Begin PBXResourcesBuildPhase section */
		9F9954132292F10600DE538F /* Resources */ = {
			isa = PBXResourcesBuildPhase;
			buildActionMask = 2147483647;
			files = (
				9F9954232292F10900DE538F /* LaunchScreen.storyboard in Resources */,
				9F9954202292F10900DE538F /* Assets.xcassets in Resources */,
				9F99541E2292F10600DE538F /* Main.storyboard in Resources */,
			);
			runOnlyForDeploymentPostprocessing = 0;
		};
		9F9954272292F10900DE538F /* Resources */ = {
			isa = PBXResourcesBuildPhase;
			buildActionMask = 2147483647;
			files = (
			);
			runOnlyForDeploymentPostprocessing = 0;
		};
		9F9954322292F10900DE538F /* Resources */ = {
			isa = PBXResourcesBuildPhase;
			buildActionMask = 2147483647;
			files = (
			);
			runOnlyForDeploymentPostprocessing = 0;
		};
/* End PBXResourcesBuildPhase section */

/* Begin PBXSourcesBuildPhase section */
		9F9954112292F10600DE538F /* Sources */ = {
			isa = PBXSourcesBuildPhase;
			buildActionMask = 2147483647;
			files = (
				9F2B2BD922943443004E9A00 /* NEProtocol.swift in Sources */,
				9F63C87022AF89EA003C37EE /* LaLigaViewController.swift in Sources */,
				9FF4724722AFC151005B171E /* UIViewController+NECreat.swift in Sources */,
				9F897D6E22B3E8D8003A8023 /* UEFALeagueCategoryView.swift in Sources */,
				9F63C87222AF8A10003C37EE /* LegaSerieAViewController.swift in Sources */,
				9FAD444422B0FE71001F1CEB /* NEMonitor.swift in Sources */,
				9F63C87622AF8A86003C37EE /* Ligue1ViewController.swift in Sources */,
				9F63C87922AF8AFD003C37EE /* LeagueViewController.swift in Sources */,
				9FF4724922AFC1B7005B171E /* UIViewController+NEProperty.swift in Sources */,
				66BB2EC0229A4B2800ACD9BB /* NextViewController.swift in Sources */,
				9F99541B2292F10600DE538F /* ViewController.swift in Sources */,
				9F2B2BDE22945053004E9A00 /* NECommon.swift in Sources */,
				9F1B384822B0AFE40085E735 /* UEFAChampionsLeagueView.swift in Sources */,
				66BB2EBE229A44D800ACD9BB /* NEConfig.swift in Sources */,
				9F63C86E22AF89A3003C37EE /* PremierLeagueViewController.swift in Sources */,
				9F9954192292F10600DE538F /* AppDelegate.swift in Sources */,
				9FCB3A4B22B21DCF003439ED /* UITableView+NEContent.swift in Sources */,
				9F897D6C22B263E0003A8023 /* UIView+NEProperty.swift in Sources */,
				9F63C87422AF8A53003C37EE /* BundesLigaViewController.swift in Sources */,
			);
			runOnlyForDeploymentPostprocessing = 0;
		};
		9F9954252292F10900DE538F /* Sources */ = {
			isa = PBXSourcesBuildPhase;
			buildActionMask = 2147483647;
			files = (
				9F99542E2292F10900DE538F /* ExampleTests.swift in Sources */,
			);
			runOnlyForDeploymentPostprocessing = 0;
		};
		9F9954302292F10900DE538F /* Sources */ = {
			isa = PBXSourcesBuildPhase;
			buildActionMask = 2147483647;
			files = (
				9F9954392292F10900DE538F /* ExampleUITests.swift in Sources */,
			);
			runOnlyForDeploymentPostprocessing = 0;
		};
/* End PBXSourcesBuildPhase section */

/* Begin PBXTargetDependency section */
		9F99542B2292F10900DE538F /* PBXTargetDependency */ = {
			isa = PBXTargetDependency;
			target = 9F9954142292F10600DE538F /* Example */;
			targetProxy = 9F99542A2292F10900DE538F /* PBXContainerItemProxy */;
		};
		9F9954362292F10900DE538F /* PBXTargetDependency */ = {
			isa = PBXTargetDependency;
			target = 9F9954142292F10600DE538F /* Example */;
			targetProxy = 9F9954352292F10900DE538F /* PBXContainerItemProxy */;
		};
/* End PBXTargetDependency section */

/* Begin PBXVariantGroup section */
		9F99541C2292F10600DE538F /* Main.storyboard */ = {
			isa = PBXVariantGroup;
			children = (
				9F99541D2292F10600DE538F /* Base */,
			);
			name = Main.storyboard;
			sourceTree = "<group>";
		};
		9F9954212292F10900DE538F /* LaunchScreen.storyboard */ = {
			isa = PBXVariantGroup;
			children = (
				9F9954222292F10900DE538F /* Base */,
			);
			name = LaunchScreen.storyboard;
			sourceTree = "<group>";
		};
/* End PBXVariantGroup section */

/* Begin XCBuildConfiguration section */
		9F99543B2292F10900DE538F /* Debug */ = {
			isa = XCBuildConfiguration;
			buildSettings = {
				ALWAYS_SEARCH_USER_PATHS = NO;
				CLANG_ANALYZER_NONNULL = YES;
				CLANG_ANALYZER_NUMBER_OBJECT_CONVERSION = YES_AGGRESSIVE;
				CLANG_CXX_LANGUAGE_STANDARD = "gnu++14";
				CLANG_CXX_LIBRARY = "libc++";
				CLANG_ENABLE_MODULES = YES;
				CLANG_ENABLE_OBJC_ARC = YES;
				CLANG_ENABLE_OBJC_WEAK = YES;
				CLANG_WARN_BLOCK_CAPTURE_AUTORELEASING = YES;
				CLANG_WARN_BOOL_CONVERSION = YES;
				CLANG_WARN_COMMA = YES;
				CLANG_WARN_CONSTANT_CONVERSION = YES;
				CLANG_WARN_DEPRECATED_OBJC_IMPLEMENTATIONS = YES;
				CLANG_WARN_DIRECT_OBJC_ISA_USAGE = YES_ERROR;
				CLANG_WARN_DOCUMENTATION_COMMENTS = YES;
				CLANG_WARN_EMPTY_BODY = YES;
				CLANG_WARN_ENUM_CONVERSION = YES;
				CLANG_WARN_INFINITE_RECURSION = YES;
				CLANG_WARN_INT_CONVERSION = YES;
				CLANG_WARN_NON_LITERAL_NULL_CONVERSION = YES;
				CLANG_WARN_OBJC_IMPLICIT_RETAIN_SELF = YES;
				CLANG_WARN_OBJC_LITERAL_CONVERSION = YES;
				CLANG_WARN_OBJC_ROOT_CLASS = YES_ERROR;
				CLANG_WARN_RANGE_LOOP_ANALYSIS = YES;
				CLANG_WARN_STRICT_PROTOTYPES = YES;
				CLANG_WARN_SUSPICIOUS_MOVE = YES;
				CLANG_WARN_UNGUARDED_AVAILABILITY = YES_AGGRESSIVE;
				CLANG_WARN_UNREACHABLE_CODE = YES;
				CLANG_WARN__DUPLICATE_METHOD_MATCH = YES;
				CODE_SIGN_IDENTITY = "iPhone Developer";
				COPY_PHASE_STRIP = NO;
				DEBUG_INFORMATION_FORMAT = dwarf;
				ENABLE_STRICT_OBJC_MSGSEND = YES;
				ENABLE_TESTABILITY = YES;
				GCC_C_LANGUAGE_STANDARD = gnu11;
				GCC_DYNAMIC_NO_PIC = NO;
				GCC_NO_COMMON_BLOCKS = YES;
				GCC_OPTIMIZATION_LEVEL = 0;
				GCC_PREPROCESSOR_DEFINITIONS = (
					"DEBUG=1",
					"$(inherited)",
				);
				GCC_WARN_64_TO_32_BIT_CONVERSION = YES;
				GCC_WARN_ABOUT_RETURN_TYPE = YES_ERROR;
				GCC_WARN_UNDECLARED_SELECTOR = YES;
				GCC_WARN_UNINITIALIZED_AUTOS = YES_AGGRESSIVE;
				GCC_WARN_UNUSED_FUNCTION = YES;
				GCC_WARN_UNUSED_VARIABLE = YES;
				IPHONEOS_DEPLOYMENT_TARGET = 12.2;
				MTL_ENABLE_DEBUG_INFO = INCLUDE_SOURCE;
				MTL_FAST_MATH = YES;
				ONLY_ACTIVE_ARCH = YES;
				SDKROOT = iphoneos;
				SWIFT_ACTIVE_COMPILATION_CONDITIONS = DEBUG;
				SWIFT_OPTIMIZATION_LEVEL = "-Onone";
			};
			name = Debug;
		};
		9F99543C2292F10900DE538F /* Release */ = {
			isa = XCBuildConfiguration;
			buildSettings = {
				ALWAYS_SEARCH_USER_PATHS = NO;
				CLANG_ANALYZER_NONNULL = YES;
				CLANG_ANALYZER_NUMBER_OBJECT_CONVERSION = YES_AGGRESSIVE;
				CLANG_CXX_LANGUAGE_STANDARD = "gnu++14";
				CLANG_CXX_LIBRARY = "libc++";
				CLANG_ENABLE_MODULES = YES;
				CLANG_ENABLE_OBJC_ARC = YES;
				CLANG_ENABLE_OBJC_WEAK = YES;
				CLANG_WARN_BLOCK_CAPTURE_AUTORELEASING = YES;
				CLANG_WARN_BOOL_CONVERSION = YES;
				CLANG_WARN_COMMA = YES;
				CLANG_WARN_CONSTANT_CONVERSION = YES;
				CLANG_WARN_DEPRECATED_OBJC_IMPLEMENTATIONS = YES;
				CLANG_WARN_DIRECT_OBJC_ISA_USAGE = YES_ERROR;
				CLANG_WARN_DOCUMENTATION_COMMENTS = YES;
				CLANG_WARN_EMPTY_BODY = YES;
				CLANG_WARN_ENUM_CONVERSION = YES;
				CLANG_WARN_INFINITE_RECURSION = YES;
				CLANG_WARN_INT_CONVERSION = YES;
				CLANG_WARN_NON_LITERAL_NULL_CONVERSION = YES;
				CLANG_WARN_OBJC_IMPLICIT_RETAIN_SELF = YES;
				CLANG_WARN_OBJC_LITERAL_CONVERSION = YES;
				CLANG_WARN_OBJC_ROOT_CLASS = YES_ERROR;
				CLANG_WARN_RANGE_LOOP_ANALYSIS = YES;
				CLANG_WARN_STRICT_PROTOTYPES = YES;
				CLANG_WARN_SUSPICIOUS_MOVE = YES;
				CLANG_WARN_UNGUARDED_AVAILABILITY = YES_AGGRESSIVE;
				CLANG_WARN_UNREACHABLE_CODE = YES;
				CLANG_WARN__DUPLICATE_METHOD_MATCH = YES;
				CODE_SIGN_IDENTITY = "iPhone Developer";
				COPY_PHASE_STRIP = NO;
				DEBUG_INFORMATION_FORMAT = "dwarf-with-dsym";
				ENABLE_NS_ASSERTIONS = NO;
				ENABLE_STRICT_OBJC_MSGSEND = YES;
				GCC_C_LANGUAGE_STANDARD = gnu11;
				GCC_NO_COMMON_BLOCKS = YES;
				GCC_WARN_64_TO_32_BIT_CONVERSION = YES;
				GCC_WARN_ABOUT_RETURN_TYPE = YES_ERROR;
				GCC_WARN_UNDECLARED_SELECTOR = YES;
				GCC_WARN_UNINITIALIZED_AUTOS = YES_AGGRESSIVE;
				GCC_WARN_UNUSED_FUNCTION = YES;
				GCC_WARN_UNUSED_VARIABLE = YES;
				IPHONEOS_DEPLOYMENT_TARGET = 12.2;
				MTL_ENABLE_DEBUG_INFO = NO;
				MTL_FAST_MATH = YES;
				SDKROOT = iphoneos;
				SWIFT_COMPILATION_MODE = wholemodule;
				SWIFT_OPTIMIZATION_LEVEL = "-O";
				VALIDATE_PRODUCT = YES;
			};
			name = Release;
		};
		9F99543E2292F10900DE538F /* Debug */ = {
			isa = XCBuildConfiguration;
			buildSettings = {
				ASSETCATALOG_COMPILER_APPICON_NAME = AppIcon;
				CODE_SIGN_STYLE = Automatic;
				INFOPLIST_FILE = Example/Info.plist;
				IPHONEOS_DEPLOYMENT_TARGET = 9.0;
				LD_RUNPATH_SEARCH_PATHS = (
					"$(inherited)",
					"@executable_path/Frameworks",
				);
				PRODUCT_BUNDLE_IDENTIFIER = Team.Warpdrives.Example;
				PRODUCT_NAME = "$(TARGET_NAME)";
				SWIFT_VERSION = 5.0;
				TARGETED_DEVICE_FAMILY = "1,2";
			};
			name = Debug;
		};
		9F99543F2292F10900DE538F /* Release */ = {
			isa = XCBuildConfiguration;
			buildSettings = {
				ASSETCATALOG_COMPILER_APPICON_NAME = AppIcon;
				CODE_SIGN_STYLE = Automatic;
				INFOPLIST_FILE = Example/Info.plist;
				IPHONEOS_DEPLOYMENT_TARGET = 9.0;
				LD_RUNPATH_SEARCH_PATHS = (
					"$(inherited)",
					"@executable_path/Frameworks",
				);
				PRODUCT_BUNDLE_IDENTIFIER = Team.Warpdrives.Example;
				PRODUCT_NAME = "$(TARGET_NAME)";
				SWIFT_VERSION = 5.0;
				TARGETED_DEVICE_FAMILY = "1,2";
			};
			name = Release;
		};
		9F9954412292F10900DE538F /* Debug */ = {
			isa = XCBuildConfiguration;
			buildSettings = {
				ALWAYS_EMBED_SWIFT_STANDARD_LIBRARIES = YES;
				BUNDLE_LOADER = "$(TEST_HOST)";
				CODE_SIGN_STYLE = Automatic;
				INFOPLIST_FILE = ExampleTests/Info.plist;
				LD_RUNPATH_SEARCH_PATHS = (
					"$(inherited)",
					"@executable_path/Frameworks",
					"@loader_path/Frameworks",
				);
				PRODUCT_BUNDLE_IDENTIFIER = Team.Warpdrives.ExampleTests;
				PRODUCT_NAME = "$(TARGET_NAME)";
				SWIFT_VERSION = 5.0;
				TARGETED_DEVICE_FAMILY = "1,2";
				TEST_HOST = "$(BUILT_PRODUCTS_DIR)/Example.app/Example";
			};
			name = Debug;
		};
		9F9954422292F10900DE538F /* Release */ = {
			isa = XCBuildConfiguration;
			buildSettings = {
				ALWAYS_EMBED_SWIFT_STANDARD_LIBRARIES = YES;
				BUNDLE_LOADER = "$(TEST_HOST)";
				CODE_SIGN_STYLE = Automatic;
				INFOPLIST_FILE = ExampleTests/Info.plist;
				LD_RUNPATH_SEARCH_PATHS = (
					"$(inherited)",
					"@executable_path/Frameworks",
					"@loader_path/Frameworks",
				);
				PRODUCT_BUNDLE_IDENTIFIER = Team.Warpdrives.ExampleTests;
				PRODUCT_NAME = "$(TARGET_NAME)";
				SWIFT_VERSION = 5.0;
				TARGETED_DEVICE_FAMILY = "1,2";
				TEST_HOST = "$(BUILT_PRODUCTS_DIR)/Example.app/Example";
			};
			name = Release;
		};
		9F9954442292F10900DE538F /* Debug */ = {
			isa = XCBuildConfiguration;
			buildSettings = {
				ALWAYS_EMBED_SWIFT_STANDARD_LIBRARIES = YES;
				CODE_SIGN_STYLE = Automatic;
				INFOPLIST_FILE = ExampleUITests/Info.plist;
				LD_RUNPATH_SEARCH_PATHS = (
					"$(inherited)",
					"@executable_path/Frameworks",
					"@loader_path/Frameworks",
				);
				PRODUCT_BUNDLE_IDENTIFIER = Team.Warpdrives.ExampleUITests;
				PRODUCT_NAME = "$(TARGET_NAME)";
				SWIFT_VERSION = 5.0;
				TARGETED_DEVICE_FAMILY = "1,2";
				TEST_TARGET_NAME = Example;
			};
			name = Debug;
		};
		9F9954452292F10900DE538F /* Release */ = {
			isa = XCBuildConfiguration;
			buildSettings = {
				ALWAYS_EMBED_SWIFT_STANDARD_LIBRARIES = YES;
				CODE_SIGN_STYLE = Automatic;
				INFOPLIST_FILE = ExampleUITests/Info.plist;
				LD_RUNPATH_SEARCH_PATHS = (
					"$(inherited)",
					"@executable_path/Frameworks",
					"@loader_path/Frameworks",
				);
				PRODUCT_BUNDLE_IDENTIFIER = Team.Warpdrives.ExampleUITests;
				PRODUCT_NAME = "$(TARGET_NAME)";
				SWIFT_VERSION = 5.0;
				TARGETED_DEVICE_FAMILY = "1,2";
				TEST_TARGET_NAME = Example;
			};
			name = Release;
		};
/* End XCBuildConfiguration section */

/* Begin XCConfigurationList section */
		9F9954102292F10600DE538F /* Build configuration list for PBXProject "Example" */ = {
			isa = XCConfigurationList;
			buildConfigurations = (
				9F99543B2292F10900DE538F /* Debug */,
				9F99543C2292F10900DE538F /* Release */,
			);
			defaultConfigurationIsVisible = 0;
			defaultConfigurationName = Release;
		};
		9F99543D2292F10900DE538F /* Build configuration list for PBXNativeTarget "Example" */ = {
			isa = XCConfigurationList;
			buildConfigurations = (
				9F99543E2292F10900DE538F /* Debug */,
				9F99543F2292F10900DE538F /* Release */,
			);
			defaultConfigurationIsVisible = 0;
			defaultConfigurationName = Release;
		};
		9F9954402292F10900DE538F /* Build configuration list for PBXNativeTarget "ExampleTests" */ = {
			isa = XCConfigurationList;
			buildConfigurations = (
				9F9954412292F10900DE538F /* Debug */,
				9F9954422292F10900DE538F /* Release */,
			);
			defaultConfigurationIsVisible = 0;
			defaultConfigurationName = Release;
		};
		9F9954432292F10900DE538F /* Build configuration list for PBXNativeTarget "ExampleUITests" */ = {
			isa = XCConfigurationList;
			buildConfigurations = (
				9F9954442292F10900DE538F /* Debug */,
				9F9954452292F10900DE538F /* Release */,
			);
			defaultConfigurationIsVisible = 0;
			defaultConfigurationName = Release;
		};
/* End XCConfigurationList section */
	};
	rootObject = 9F99540D2292F10600DE538F /* Project object */;
}
